# This file is automatically @generated by Poetry 2.1.3 and should not be changed by hand.

[[package]]
name = "colorama"
version = "0.4.6"
description = "Cross-platform colored terminal text."
optional = false
python-versions = "!=3.0.*,!=3.1.*,!=3.2.*,!=3.3.*,!=3.4.*,!=3.5.*,!=3.6.*,>=2.7"
groups = ["dev"]
markers = "sys_platform == \"win32\""
files = [
    {file = "colorama-0.4.6-py2.py3-none-any.whl", hash = "sha256:4f1d9991f5acc0ca119f9d443620b77f9d6b33703e51011c16baf57afb285fc6"},
    {file = "colorama-0.4.6.tar.gz", hash = "sha256:08695f5cb7ed6e0531a20572697297273c47b8cae5a63ffc6d6ed5c201be6e44"},
]

[[package]]
name = "duckdb"
version = "0.9.2"
description = "DuckDB embedded database"
optional = false
python-versions = ">=3.7.0"
groups = ["main"]
files = [
    {file = "duckdb-0.9.2-cp310-cp310-macosx_10_9_universal2.whl", hash = "sha256:aadcea5160c586704c03a8a796c06a8afffbefefb1986601104a60cb0bfdb5ab"},
    {file = "duckdb-0.9.2-cp310-cp310-macosx_10_9_x86_64.whl", hash = "sha256:08215f17147ed83cbec972175d9882387366de2ed36c21cbe4add04b39a5bcb4"},
    {file = "duckdb-0.9.2-cp310-cp310-macosx_11_0_arm64.whl", hash = "sha256:ee6c2a8aba6850abef5e1be9dbc04b8e72a5b2c2b67f77892317a21fae868fe7"},
    {file = "duckdb-0.9.2-cp310-cp310-manylinux_2_17_aarch64.manylinux2014_aarch64.whl", hash = "sha256:1ff49f3da9399900fd58b5acd0bb8bfad22c5147584ad2427a78d937e11ec9d0"},
    {file = "duckdb-0.9.2-cp310-cp310-manylinux_2_17_x86_64.manylinux2014_x86_64.whl", hash = "sha256:dd5ac5baf8597efd2bfa75f984654afcabcd698342d59b0e265a0bc6f267b3f0"},
    {file = "duckdb-0.9.2-cp310-cp310-musllinux_1_1_x86_64.whl", hash = "sha256:81c6df905589a1023a27e9712edb5b724566587ef280a0c66a7ec07c8083623b"},
    {file = "duckdb-0.9.2-cp310-cp310-win32.whl", hash = "sha256:a298cd1d821c81d0dec8a60878c4b38c1adea04a9675fb6306c8f9083bbf314d"},
    {file = "duckdb-0.9.2-cp310-cp310-win_amd64.whl", hash = "sha256:492a69cd60b6cb4f671b51893884cdc5efc4c3b2eb76057a007d2a2295427173"},
    {file = "duckdb-0.9.2-cp311-cp311-macosx_10_9_universal2.whl", hash = "sha256:061a9ea809811d6e3025c5de31bc40e0302cfb08c08feefa574a6491e882e7e8"},
    {file = "duckdb-0.9.2-cp311-cp311-macosx_10_9_x86_64.whl", hash = "sha256:a43f93be768af39f604b7b9b48891f9177c9282a408051209101ff80f7450d8f"},
    {file = "duckdb-0.9.2-cp311-cp311-macosx_11_0_arm64.whl", hash = "sha256:ac29c8c8f56fff5a681f7bf61711ccb9325c5329e64f23cb7ff31781d7b50773"},
    {file = "duckdb-0.9.2-cp311-cp311-manylinux_2_17_aarch64.manylinux2014_aarch64.whl", hash = "sha256:b14d98d26bab139114f62ade81350a5342f60a168d94b27ed2c706838f949eda"},
    {file = "duckdb-0.9.2-cp311-cp311-manylinux_2_17_x86_64.manylinux2014_x86_64.whl", hash = "sha256:796a995299878913e765b28cc2b14c8e44fae2f54ab41a9ee668c18449f5f833"},
    {file = "duckdb-0.9.2-cp311-cp311-musllinux_1_1_x86_64.whl", hash = "sha256:6cb64ccfb72c11ec9c41b3cb6181b6fd33deccceda530e94e1c362af5f810ba1"},
    {file = "duckdb-0.9.2-cp311-cp311-win32.whl", hash = "sha256:930740cb7b2cd9e79946e1d3a8f66e15dc5849d4eaeff75c8788d0983b9256a5"},
    {file = "duckdb-0.9.2-cp311-cp311-win_amd64.whl", hash = "sha256:c28f13c45006fd525001b2011cdf91fa216530e9751779651e66edc0e446be50"},
    {file = "duckdb-0.9.2-cp37-cp37m-macosx_10_9_x86_64.whl", hash = "sha256:fbce7bbcb4ba7d99fcec84cec08db40bc0dd9342c6c11930ce708817741faeeb"},
    {file = "duckdb-0.9.2-cp37-cp37m-manylinux_2_17_aarch64.manylinux2014_aarch64.whl", hash = "sha256:15a82109a9e69b1891f0999749f9e3265f550032470f51432f944a37cfdc908b"},
    {file = "duckdb-0.9.2-cp37-cp37m-manylinux_2_17_x86_64.manylinux2014_x86_64.whl", hash = "sha256:9490fb9a35eb74af40db5569d90df8a04a6f09ed9a8c9caa024998c40e2506aa"},
    {file = "duckdb-0.9.2-cp37-cp37m-musllinux_1_1_x86_64.whl", hash = "sha256:696d5c6dee86c1a491ea15b74aafe34ad2b62dcd46ad7e03b1d00111ca1a8c68"},
    {file = "duckdb-0.9.2-cp37-cp37m-win32.whl", hash = "sha256:4f0935300bdf8b7631ddfc838f36a858c1323696d8c8a2cecbd416bddf6b0631"},
    {file = "duckdb-0.9.2-cp37-cp37m-win_amd64.whl", hash = "sha256:0aab900f7510e4d2613263865570203ddfa2631858c7eb8cbed091af6ceb597f"},
    {file = "duckdb-0.9.2-cp38-cp38-macosx_10_9_universal2.whl", hash = "sha256:7d8130ed6a0c9421b135d0743705ea95b9a745852977717504e45722c112bf7a"},
    {file = "duckdb-0.9.2-cp38-cp38-macosx_10_9_x86_64.whl", hash = "sha256:974e5de0294f88a1a837378f1f83330395801e9246f4e88ed3bfc8ada65dcbee"},
    {file = "duckdb-0.9.2-cp38-cp38-macosx_11_0_arm64.whl", hash = "sha256:4fbc297b602ef17e579bb3190c94d19c5002422b55814421a0fc11299c0c1100"},
    {file = "duckdb-0.9.2-cp38-cp38-manylinux_2_17_aarch64.manylinux2014_aarch64.whl", hash = "sha256:1dd58a0d84a424924a35b3772419f8cd78a01c626be3147e4934d7a035a8ad68"},
    {file = "duckdb-0.9.2-cp38-cp38-manylinux_2_17_x86_64.manylinux2014_x86_64.whl", hash = "sha256:11a1194a582c80dfb57565daa06141727e415ff5d17e022dc5f31888a5423d33"},
    {file = "duckdb-0.9.2-cp38-cp38-musllinux_1_1_x86_64.whl", hash = "sha256:be45d08541002a9338e568dca67ab4f20c0277f8f58a73dfc1435c5b4297c996"},
    {file = "duckdb-0.9.2-cp38-cp38-win32.whl", hash = "sha256:dd6f88aeb7fc0bfecaca633629ff5c986ac966fe3b7dcec0b2c48632fd550ba2"},
    {file = "duckdb-0.9.2-cp38-cp38-win_amd64.whl", hash = "sha256:28100c4a6a04e69aa0f4a6670a6d3d67a65f0337246a0c1a429f3f28f3c40b9a"},
    {file = "duckdb-0.9.2-cp39-cp39-macosx_10_9_universal2.whl", hash = "sha256:7ae5bf0b6ad4278e46e933e51473b86b4b932dbc54ff097610e5b482dd125552"},
    {file = "duckdb-0.9.2-cp39-cp39-macosx_10_9_x86_64.whl", hash = "sha256:e5d0bb845a80aa48ed1fd1d2d285dd352e96dc97f8efced2a7429437ccd1fe1f"},
    {file = "duckdb-0.9.2-cp39-cp39-macosx_11_0_arm64.whl", hash = "sha256:4ce262d74a52500d10888110dfd6715989926ec936918c232dcbaddb78fc55b4"},
    {file = "duckdb-0.9.2-cp39-cp39-manylinux_2_17_aarch64.manylinux2014_aarch64.whl", hash = "sha256:6935240da090a7f7d2666f6d0a5e45ff85715244171ca4e6576060a7f4a1200e"},
    {file = "duckdb-0.9.2-cp39-cp39-manylinux_2_17_x86_64.manylinux2014_x86_64.whl", hash = "sha256:a5cfb93e73911696a98b9479299d19cfbc21dd05bb7ab11a923a903f86b4d06e"},
    {file = "duckdb-0.9.2-cp39-cp39-musllinux_1_1_x86_64.whl", hash = "sha256:64e3bc01751f31e7572d2716c3e8da8fe785f1cdc5be329100818d223002213f"},
    {file = "duckdb-0.9.2-cp39-cp39-win32.whl", hash = "sha256:6e5b80f46487636368e31b61461940e3999986359a78660a50dfdd17dd72017c"},
    {file = "duckdb-0.9.2-cp39-cp39-win_amd64.whl", hash = "sha256:e6142a220180dbeea4f341708bd5f9501c5c962ce7ef47c1cadf5e8810b4cb13"},
    {file = "duckdb-0.9.2.tar.gz", hash = "sha256:3843afeab7c3fc4a4c0b53686a4cc1d9cdbdadcbb468d60fef910355ecafd447"},
]

[[package]]
name = "exceptiongroup"
version = "1.3.0"
description = "Backport of PEP 654 (exception groups)"
optional = false
python-versions = ">=3.7"
groups = ["dev"]
markers = "python_version < \"3.11\""
files = [
    {file = "exceptiongroup-1.3.0-py3-none-any.whl", hash = "sha256:4d111e6e0c13d0644cad6ddaa7ed0261a0b36971f6d23e7ec9b4b9097da78a10"},
    {file = "exceptiongroup-1.3.0.tar.gz", hash = "sha256:b241f5885f560bc56a59ee63ca4c6a8bfa46ae4ad651af316d4e81817bb9fd88"},
]

[package.dependencies]
typing-extensions = {version = ">=4.6.0", markers = "python_version < \"3.13\""}

[package.extras]
test = ["pytest (>=6)"]

[[package]]
name = "iniconfig"
version = "2.1.0"
description = "brain-dead simple config-ini parsing"
optional = false
python-versions = ">=3.8"
groups = ["dev"]
files = [
    {file = "iniconfig-2.1.0-py3-none-any.whl", hash = "sha256:9deba5723312380e77435581c6bf4935c94cbfab9b1ed33ef8d238ea168eb760"},
    {file = "iniconfig-2.1.0.tar.gz", hash = "sha256:3abbd2e30b36733fee78f9c7f7308f2d0050e88f0087fd25c2645f63c773e1c7"},
]

[[package]]
name = "packaging"
version = "25.0"
description = "Core utilities for Python packages"
optional = false
python-versions = ">=3.8"
groups = ["dev"]
files = [
    {file = "packaging-25.0-py3-none-any.whl", hash = "sha256:29572ef2b1f17581046b3a2227d5c611fb25ec70ca1ba8554b24b0e69331a484"},
    {file = "packaging-25.0.tar.gz", hash = "sha256:d443872c98d677bf60f6a1f2f8c1cb748e8fe762d2bf9d3148b5599295b0fc4f"},
]

[[package]]
name = "pluggy"
version = "1.5.0"
description = "plugin and hook calling mechanisms for python"
optional = false
python-versions = ">=3.8"
groups = ["dev"]
files = [
    {file = "pluggy-1.5.0-py3-none-any.whl", hash = "sha256:44e1ad92c8ca002de6377e165f3e0f1be63266ab4d554740532335b9d75ea669"},
    {file = "pluggy-1.5.0.tar.gz", hash = "sha256:2cffa88e94fdc978c4c574f15f9e59b7f4201d439195c3715ca9e2486f1d0cf1"},
]

[package.extras]
dev = ["pre-commit", "tox"]
testing = ["pytest", "pytest-benchmark"]

[[package]]
name = "pytest"
version = "7.4.4"
description = "pytest: simple powerful testing with Python"
optional = false
python-versions = ">=3.7"
groups = ["dev"]
files = [
    {file = "pytest-7.4.4-py3-none-any.whl", hash = "sha256:b090cdf5ed60bf4c45261be03239c2c1c22df034fbffe691abe93cd80cea01d8"},
    {file = "pytest-7.4.4.tar.gz", hash = "sha256:2cf0005922c6ace4a3e2ec8b4080eb0d9753fdc93107415332f50ce9e7994280"},
]

[package.dependencies]
colorama = {version = "*", markers = "sys_platform == \"win32\""}
exceptiongroup = {version = ">=1.0.0rc8", markers = "python_version < \"3.11\""}
iniconfig = "*"
packaging = "*"
pluggy = ">=0.12,<2.0"
tomli = {version = ">=1.0.0", markers = "python_version < \"3.11\""}

[package.extras]
testing = ["argcomplete", "attrs (>=19.2.0)", "hypothesis (>=3.56)", "mock", "nose", "pygments (>=2.7.2)", "requests", "setuptools", "xmlschema"]

[[package]]
name = "pytest-mock"
version = "3.14.1"
description = "Thin-wrapper around the mock package for easier use with pytest"
optional = false
python-versions = ">=3.8"
groups = ["dev"]
files = [
    {file = "pytest_mock-3.14.1-py3-none-any.whl", hash = "sha256:178aefcd11307d874b4cd3100344e7e2d888d9791a6a1d9bfe90fbc1b74fd1d0"},
    {file = "pytest_mock-3.14.1.tar.gz", hash = "sha256:159e9edac4c451ce77a5cdb9fc5d1100708d2dd4ba3c3df572f14097351af80e"},
]

[package.dependencies]
pytest = ">=6.2.5"

[package.extras]
dev = ["pre-commit", "pytest-asyncio", "tox"]

[[package]]
name = "python-json-logger"
version = "2.0.7"
description = "A python library adding a json log formatter"
optional = false
python-versions = ">=3.6"
groups = ["main"]
files = [
    {file = "python-json-logger-2.0.7.tar.gz", hash = "sha256:23e7ec02d34237c5aa1e29a070193a4ea87583bb4e7f8fd06d3de8264c4b2e1c"},
    {file = "python_json_logger-2.0.7-py3-none-any.whl", hash = "sha256:f380b826a991ebbe3de4d897aeec42760035ac760345e57b812938dc8b35e2bd"},
]

[[package]]
name = "pytz"
version = "2023.4"
description = "World timezone definitions, modern and historical"
optional = false
python-versions = "*"
groups = ["main"]
files = [
    {file = "pytz-2023.4-py2.py3-none-any.whl", hash = "sha256:f90ef520d95e7c46951105338d918664ebfd6f1d995bd7d153127ce90efafa6a"},
    {file = "pytz-2023.4.tar.gz", hash = "sha256:31d4583c4ed539cd037956140d695e42c033a19e984bfce9964a3f7d59bc2b40"},
]

[[package]]
name = "tomli"
version = "2.2.1"
description = "A lil' TOML parser"
optional = false
python-versions = ">=3.8"
groups = ["dev"]
markers = "python_version < \"3.11\""
files = [
    {file = "tomli-2.2.1-cp311-cp311-macosx_10_9_x86_64.whl", hash = "sha256:678e4fa69e4575eb77d103de3df8a895e1591b48e740211bd1067378c69e8249"},
    {file = "tomli-2.2.1-cp311-cp311-macosx_11_0_arm64.whl", hash = "sha256:023aa114dd824ade0100497eb2318602af309e5a55595f76b626d6d9f3b7b0a6"},
    {file = "tomli-2.2.1-cp311-cp311-manylinux_2_17_aarch64.manylinux2014_aarch64.whl", hash = "sha256:ece47d672db52ac607a3d9599a9d48dcb2f2f735c6c2d1f34130085bb12b112a"},
    {file = "tomli-2.2.1-cp311-cp311-manylinux_2_17_x86_64.manylinux2014_x86_64.whl", hash = "sha256:6972ca9c9cc9f0acaa56a8ca1ff51e7af152a9f87fb64623e31d5c83700080ee"},
    {file = "tomli-2.2.1-cp311-cp311-manylinux_2_5_i686.manylinux1_i686.manylinux_2_17_i686.manylinux2014_i686.whl", hash = "sha256:c954d2250168d28797dd4e3ac5cf812a406cd5a92674ee4c8f123c889786aa8e"},
    {file = "tomli-2.2.1-cp311-cp311-musllinux_1_2_aarch64.whl", hash = "sha256:8dd28b3e155b80f4d54beb40a441d366adcfe740969820caf156c019fb5c7ec4"},
    {file = "tomli-2.2.1-cp311-cp311-musllinux_1_2_i686.whl", hash = "sha256:e59e304978767a54663af13c07b3d1af22ddee3bb2fb0618ca1593e4f593a106"},
    {file = "tomli-2.2.1-cp311-cp311-musllinux_1_2_x86_64.whl", hash = "sha256:33580bccab0338d00994d7f16f4c4ec25b776af3ffaac1ed74e0b3fc95e885a8"},
    {file = "tomli-2.2.1-cp311-cp311-win32.whl", hash = "sha256:465af0e0875402f1d226519c9904f37254b3045fc5084697cefb9bdde1ff99ff"},
    {file = "tomli-2.2.1-cp311-cp311-win_amd64.whl", hash = "sha256:2d0f2fdd22b02c6d81637a3c95f8cd77f995846af7414c5c4b8d0545afa1bc4b"},
    {file = "tomli-2.2.1-cp312-cp312-macosx_10_13_x86_64.whl", hash = "sha256:4a8f6e44de52d5e6c657c9fe83b562f5f4256d8ebbfe4ff922c495620a7f6cea"},
    {file = "tomli-2.2.1-cp312-cp312-macosx_11_0_arm64.whl", hash = "sha256:8d57ca8095a641b8237d5b079147646153d22552f1c637fd3ba7f4b0b29167a8"},
    {file = "tomli-2.2.1-cp312-cp312-manylinux_2_17_aarch64.manylinux2014_aarch64.whl", hash = "sha256:4e340144ad7ae1533cb897d406382b4b6fede8890a03738ff1683af800d54192"},
    {file = "tomli-2.2.1-cp312-cp312-manylinux_2_17_x86_64.manylinux2014_x86_64.whl", hash = "sha256:db2b95f9de79181805df90bedc5a5ab4c165e6ec3fe99f970d0e302f384ad222"},
    {file = "tomli-2.2.1-cp312-cp312-manylinux_2_5_i686.manylinux1_i686.manylinux_2_17_i686.manylinux2014_i686.whl", hash = "sha256:40741994320b232529c802f8bc86da4e1aa9f413db394617b9a256ae0f9a7f77"},
    {file = "tomli-2.2.1-cp312-cp312-musllinux_1_2_aarch64.whl", hash = "sha256:400e720fe168c0f8521520190686ef8ef033fb19fc493da09779e592861b78c6"},
    {file = "tomli-2.2.1-cp312-cp312-musllinux_1_2_i686.whl", hash = "sha256:02abe224de6ae62c19f090f68da4e27b10af2b93213d36cf44e6e1c5abd19fdd"},
    {file = "tomli-2.2.1-cp312-cp312-musllinux_1_2_x86_64.whl", hash = "sha256:b82ebccc8c8a36f2094e969560a1b836758481f3dc360ce9a3277c65f374285e"},
    {file = "tomli-2.2.1-cp312-cp312-win32.whl", hash = "sha256:889f80ef92701b9dbb224e49ec87c645ce5df3fa2cc548664eb8a25e03127a98"},
    {file = "tomli-2.2.1-cp312-cp312-win_amd64.whl", hash = "sha256:7fc04e92e1d624a4a63c76474610238576942d6b8950a2d7f908a340494e67e4"},
    {file = "tomli-2.2.1-cp313-cp313-macosx_10_13_x86_64.whl", hash = "sha256:f4039b9cbc3048b2416cc57ab3bda989a6fcf9b36cf8937f01a6e731b64f80d7"},
    {file = "tomli-2.2.1-cp313-cp313-macosx_11_0_arm64.whl", hash = "sha256:286f0ca2ffeeb5b9bd4fcc8d6c330534323ec51b2f52da063b11c502da16f30c"},
    {file = "tomli-2.2.1-cp313-cp313-manylinux_2_17_aarch64.manylinux2014_aarch64.whl", hash = "sha256:a92ef1a44547e894e2a17d24e7557a5e85a9e1d0048b0b5e7541f76c5032cb13"},
    {file = "tomli-2.2.1-cp313-cp313-manylinux_2_17_x86_64.manylinux2014_x86_64.whl", hash = "sha256:9316dc65bed1684c9a98ee68759ceaed29d229e985297003e494aa825ebb0281"},
    {file = "tomli-2.2.1-cp313-cp313-manylinux_2_5_i686.manylinux1_i686.manylinux_2_17_i686.manylinux2014_i686.whl", hash = "sha256:e85e99945e688e32d5a35c1ff38ed0b3f41f43fad8df0bdf79f72b2ba7bc5272"},
    {file = "tomli-2.2.1-cp313-cp313-musllinux_1_2_aarch64.whl", hash = "sha256:ac065718db92ca818f8d6141b5f66369833d4a80a9d74435a268c52bdfa73140"},
    {file = "tomli-2.2.1-cp313-cp313-musllinux_1_2_i686.whl", hash = "sha256:d920f33822747519673ee656a4b6ac33e382eca9d331c87770faa3eef562aeb2"},
    {file = "tomli-2.2.1-cp313-cp313-musllinux_1_2_x86_64.whl", hash = "sha256:a198f10c4d1b1375d7687bc25294306e551bf1abfa4eace6650070a5c1ae2744"},
    {file = "tomli-2.2.1-cp313-cp313-win32.whl", hash = "sha256:d3f5614314d758649ab2ab3a62d4f2004c825922f9e370b29416484086b264ec"},
    {file = "tomli-2.2.1-cp313-cp313-win_amd64.whl", hash = "sha256:a38aa0308e754b0e3c67e344754dff64999ff9b513e691d0e786265c93583c69"},
    {file = "tomli-2.2.1-py3-none-any.whl", hash = "sha256:cb55c73c5f4408779d0cf3eef9f762b9c9f147a77de7b258bef0a5628adc85cc"},
    {file = "tomli-2.2.1.tar.gz", hash = "sha256:cd45e1dc79c835ce60f7404ec8119f2eb06d38b1deba146f07ced3bbc44505ff"},
]

[[package]]
name = "typing-extensions"
version = "4.13.2"
description = "Backported and Experimental Type Hints for Python 3.8+"
optional = false
python-versions = ">=3.8"
groups = ["dev"]
markers = "python_version < \"3.11\""
files = [
    {file = "typing_extensions-4.13.2-py3-none-any.whl", hash = "sha256:a439e7c04b49fec3e5d3e2beaa21755cadbbdc391694e28ccdd36ca4a1408f8c"},
    {file = "typing_extensions-4.13.2.tar.gz", hash = "sha256:e6c81219bd689f51865d9e372991c540bda33a0379d5573cddb9a3a23f7caaef"},
]

[metadata]
lock-version = "2.1"
python-versions = "^3.8"
content-hash = "070ba1b9a33d0ade68ad88c2c6a37f4ee489a22c3744deaf88ac22fdf5c83649"
